
Microsoft Visual Studio Solution File, Format Version 12.00
# Visual Studio 14
VisualStudioVersion = 14.0.25123.0
MinimumVisualStudioVersion = 10.0.40219.1
Project("{FAE04EC0-301F-11D3-BF4B-00C04F79EFBC}") = "JustBlog", "JustBlog\JustBlog.csproj", "{352F185A-D1FD-43EC-A60A-2699946EA683}"
EndProject
Project("{FAE04EC0-301F-11D3-BF4B-00C04F79EFBC}") = "JustBlog.Core", "JustBlog.Core\JustBlog.Core.csproj", "{03D02DE5-A046-49FF-AA30-B71EA54472D0}"
EndProject
Global
	GlobalSection(SolutionConfigurationPlatforms) = preSolution
		Debug|Any CPU = Debug|Any CPU
		Release|Any CPU = Release|Any CPU
	EndGlobalSection
	GlobalSection(ProjectConfigurationPlatforms) = postSolution
		{352F185A-D1FD-43EC-A60A-2699946EA683}.Debug|Any CPU.ActiveCfg = Debug|Any CPU
		{352F185A-D1FD-43EC-A60A-2699946EA683}.Debug|Any CPU.Build.0 = Debug|Any CPU
		{352F185A-D1FD-43EC-A60A-2699946EA683}.Release|Any CPU.ActiveCfg = Release|Any CPU
		{352F185A-D1FD-43EC-A60A-2699946EA683}.Release|Any CPU.Build.0 = Release|Any CPU
		{03D02DE5-A046-49FF-AA30-B71EA54472D0}.Debug|Any CPU.ActiveCfg = Debug|Any CPU
		{03D02DE5-A046-49FF-AA30-B71EA54472D0}.Debug|Any CPU.Build.0 = Debug|Any CPU
		{03D02DE5-A046-49FF-AA30-B71EA54472D0}.Release|Any CPU.ActiveCfg = Release|Any CPU
		{03D02DE5-A046-49FF-AA30-B71EA54472D0}.Release|Any CPU.Build.0 = Release|Any CPU
	EndGlobalSection
	GlobalSection(SolutionProperties) = preSolution
		HideSolutionNode = FALSE
	EndGlobalSection
EndGlobal
